
Microsoft Visual Studio Solution File, Format Version 12.00
# Visual Studio Version 17
VisualStudioVersion = 17.8.34330.188
MinimumVisualStudioVersion = 10.0.40219.1
Project("{8BC9CEB8-8B4A-11D0-8D11-00A0C91BC942}") = "курс", "курс\курс.vcxproj", "{B5D8081D-6570-4415-BE80-6ACDF60FFF73}"
EndProject
Global
	GlobalSection(SolutionConfigurationPlatforms) = preSolution
		Debug|x64 = Debug|x64
		Debug|x86 = Debug|x86
		Release|x64 = Release|x64
		Release|x86 = Release|x86
	EndGlobalSection
	GlobalSection(ProjectConfigurationPlatforms) = postSolution
		{B5D8081D-6570-4415-BE80-6ACDF60FFF73}.Debug|x64.ActiveCfg = Debug|x64
		{B5D8081D-6570-4415-BE80-6ACDF60FFF73}.Debug|x64.Build.0 = Debug|x64
		{B5D8081D-6570-4415-BE80-6ACDF60FFF73}.Debug|x86.ActiveCfg = Debug|Win32
		{B5D8081D-6570-4415-BE80-6ACDF60FFF73}.Debug|x86.Build.0 = Debug|Win32
		{B5D8081D-6570-4415-BE80-6ACDF60FFF73}.Release|x64.ActiveCfg = Release|x64
		{B5D8081D-6570-4415-BE80-6ACDF60FFF73}.Release|x64.Build.0 = Release|x64
		{B5D8081D-6570-4415-BE80-6ACDF60FFF73}.Release|x86.ActiveCfg = Release|Win32
		{B5D8081D-6570-4415-BE80-6ACDF60FFF73}.Release|x86.Build.0 = Release|Win32
	EndGlobalSection
	GlobalSection(SolutionProperties) = preSolution
		HideSolutionNode = FALSE
	EndGlobalSection
	GlobalSection(ExtensibilityGlobals) = postSolution
		SolutionGuid = {FD11039A-9A52-4010-9E1B-56C43364E6FE}
	EndGlobalSection
EndGlobal
